
Microsoft Visual Studio Solution File, Format Version 12.00
# Visual Studio Version 16
VisualStudioVersion = 16.0.31402.337
MinimumVisualStudioVersion = 10.0.40219.1
Project("{FAE04EC0-301F-11D3-BF4B-00C04F79EFBC}") = "Audio-Editor", "Audio-Editor\Audio-Editor.csproj", "{0631F333-236B-4B38-B2CA-E328C8559DBD}"
EndProject
Global
	GlobalSection(SolutionConfigurationPlatforms) = preSolution
		Debug|Any CPU = Debug|Any CPU
		Release|Any CPU = Release|Any CPU
	EndGlobalSection
	GlobalSection(ProjectConfigurationPlatforms) = postSolution
		{0631F333-236B-4B38-B2CA-E328C8559DBD}.Debug|Any CPU.ActiveCfg = Debug|Any CPU
		{0631F333-236B-4B38-B2CA-E328C8559DBD}.Debug|Any CPU.Build.0 = Debug|Any CPU
		{0631F333-236B-4B38-B2CA-E328C8559DBD}.Release|Any CPU.ActiveCfg = Release|Any CPU
		{0631F333-236B-4B38-B2CA-E328C8559DBD}.Release|Any CPU.Build.0 = Release|Any CPU
	EndGlobalSection
	GlobalSection(SolutionProperties) = preSolution
		HideSolutionNode = FALSE
	EndGlobalSection
	GlobalSection(ExtensibilityGlobals) = postSolution
		SolutionGuid = {75AB4AB0-BCA5-49CE-BD99-232D50A5E9A3}
	EndGlobalSection
EndGlobal
